
Microsoft Visual Studio Solution File, Format Version 12.00
# Visual Studio 14
VisualStudioVersion = 14.0.25420.1
MinimumVisualStudioVersion = 10.0.40219.1
Project("{2150E333-8FDC-42A3-9474-1A3956D46DE8}") = "src", "src", "{C2960F3D-D1F0-4A80-A6EA-40184ADFB74A}"
EndProject
Project("{2150E333-8FDC-42A3-9474-1A3956D46DE8}") = "Solution Items", "Solution Items", "{F0CE99A1-A119-4F9D-A1D2-4F1AA2DBE88B}"
	ProjectSection(SolutionItems) = preProject
		global.json = global.json
	EndProjectSection
EndProject
Project("{8BB2217D-0F2D-49D1-97BC-3654ED321F3B}") = "ResourceManagerNetCoreApp", "src\ResourceManagerNetCoreApp\ResourceManagerNetCoreApp.xproj", "{6BE0B99A-5FAA-426F-B216-BBC38DC6E2D1}"
EndProject
Global
	GlobalSection(SolutionConfigurationPlatforms) = preSolution
		Debug|Any CPU = Debug|Any CPU
		Release|Any CPU = Release|Any CPU
	EndGlobalSection
	GlobalSection(ProjectConfigurationPlatforms) = postSolution
		{6BE0B99A-5FAA-426F-B216-BBC38DC6E2D1}.Debug|Any CPU.ActiveCfg = Debug|Any CPU
		{6BE0B99A-5FAA-426F-B216-BBC38DC6E2D1}.Debug|Any CPU.Build.0 = Debug|Any CPU
		{6BE0B99A-5FAA-426F-B216-BBC38DC6E2D1}.Release|Any CPU.ActiveCfg = Release|Any CPU
		{6BE0B99A-5FAA-426F-B216-BBC38DC6E2D1}.Release|Any CPU.Build.0 = Release|Any CPU
	EndGlobalSection
	GlobalSection(SolutionProperties) = preSolution
		HideSolutionNode = FALSE
	EndGlobalSection
	GlobalSection(NestedProjects) = preSolution
		{6BE0B99A-5FAA-426F-B216-BBC38DC6E2D1} = {C2960F3D-D1F0-4A80-A6EA-40184ADFB74A}
	EndGlobalSection
EndGlobal
